
Microsoft Visual Studio Solution File, Format Version 12.00
# Visual Studio Version 17
VisualStudioVersion = 17.13.35825.156 d17.13
MinimumVisualStudioVersion = 10.0.40219.1
Project("{FAE04EC0-301F-11D3-BF4B-00C04F79EFBC}") = "Project", "Project\Project.csproj", "{D7F6C408-AE2E-4182-823F-AF0C7DC2B459}"
EndProject
Project("{FAE04EC0-301F-11D3-BF4B-00C04F79EFBC}") = "Library", "Library\Library.csproj", "{651D331C-2739-4113-825F-D5253CC2F357}"
EndProject
Global
	GlobalSection(SolutionConfigurationPlatforms) = preSolution
		Debug|Any CPU = Debug|Any CPU
		Release|Any CPU = Release|Any CPU
	EndGlobalSection
	GlobalSection(ProjectConfigurationPlatforms) = postSolution
		{D7F6C408-AE2E-4182-823F-AF0C7DC2B459}.Debug|Any CPU.ActiveCfg = Debug|Any CPU
		{D7F6C408-AE2E-4182-823F-AF0C7DC2B459}.Debug|Any CPU.Build.0 = Debug|Any CPU
		{D7F6C408-AE2E-4182-823F-AF0C7DC2B459}.Release|Any CPU.ActiveCfg = Release|Any CPU
		{D7F6C408-AE2E-4182-823F-AF0C7DC2B459}.Release|Any CPU.Build.0 = Release|Any CPU
		{651D331C-2739-4113-825F-D5253CC2F357}.Debug|Any CPU.ActiveCfg = Debug|Any CPU
		{651D331C-2739-4113-825F-D5253CC2F357}.Debug|Any CPU.Build.0 = Debug|Any CPU
		{651D331C-2739-4113-825F-D5253CC2F357}.Release|Any CPU.ActiveCfg = Release|Any CPU
		{651D331C-2739-4113-825F-D5253CC2F357}.Release|Any CPU.Build.0 = Release|Any CPU
	EndGlobalSection
	GlobalSection(SolutionProperties) = preSolution
		HideSolutionNode = FALSE
	EndGlobalSection
	GlobalSection(ExtensibilityGlobals) = postSolution
		SolutionGuid = {10E648A4-CB72-4C7D-9FE5-21A71F7C5E96}
	EndGlobalSection
EndGlobal
